
Microsoft Visual Studio Solution File, Format Version 12.00
Project("{2150E333-8FDC-42A3-9474-1A3956D46DE8}") = "ApiGateway", "ApiGateway", "{0A6E564A-D8DA-440D-A227-9810648FCAC1}"
EndProject
Project("{FAE04EC0-301F-11D3-BF4B-00C04F79EFBC}") = "ApiGatewayService", "ApiGatewayService\ApiGatewayService.csproj", "{415B9D21-17E7-41BF-AFBB-46C193157E34}"
EndProject
Global
	GlobalSection(SolutionConfigurationPlatforms) = preSolution
		Debug|Any CPU = Debug|Any CPU
		Release|Any CPU = Release|Any CPU
	EndGlobalSection
	GlobalSection(ProjectConfigurationPlatforms) = postSolution
		{415B9D21-17E7-41BF-AFBB-46C193157E34}.Debug|Any CPU.ActiveCfg = Debug|Any CPU
		{415B9D21-17E7-41BF-AFBB-46C193157E34}.Debug|Any CPU.Build.0 = Debug|Any CPU
		{415B9D21-17E7-41BF-AFBB-46C193157E34}.Release|Any CPU.ActiveCfg = Release|Any CPU
		{415B9D21-17E7-41BF-AFBB-46C193157E34}.Release|Any CPU.Build.0 = Release|Any CPU
	EndGlobalSection
	GlobalSection(NestedProjects) = preSolution
		{415B9D21-17E7-41BF-AFBB-46C193157E34} = {0A6E564A-D8DA-440D-A227-9810648FCAC1}
	EndGlobalSection
EndGlobal
